
Microsoft Visual Studio Solution File, Format Version 12.00
# Visual Studio Version 17
VisualStudioVersion = 17.14.36429.23
MinimumVisualStudioVersion = 10.0.40219.1
Project("{2150E333-8FDC-42A3-9474-1A3956D46DE8}") = "Task0", "Task0", "{02EA681E-C7D8-13C7-8484-4AC65E1B71E8}"
EndProject
Project("{FAE04EC0-301F-11D3-BF4B-00C04F79EFBC}") = "Tyuiu.NeldnerMK.Sprint0.Task0.V0", "Tyuiu.NeldnerMK.Sprint0.Task0.V0\Tyuiu.NeldnerMK.Sprint0.Task0.V0.csproj", "{8448581C-927B-4D6C-BBE2-ADA7A47873C9}"
EndProject
Project("{2150E333-8FDC-42A3-9474-1A3956D46DE8}") = "Task1", "Task1", "{62FB3A93-6326-4B1B-A2BF-9F42F72826F7}"
EndProject
Project("{FAE04EC0-301F-11D3-BF4B-00C04F79EFBC}") = "Tyuiu.NeldnerMK.Sprint0.Task1.V0", "Tyuiu.NeldnerMK.Sprint0.Task1.V0\Tyuiu.NeldnerMK.Sprint0.Task1.V0.csproj", "{AC0701D7-552F-45DE-B7EB-8C245567E7CD}"
EndProject
Project("{2150E333-8FDC-42A3-9474-1A3956D46DE8}") = "Task2", "Task2", "{A424F613-4C87-4E90-A7B0-6E9B404E3AC6}"
EndProject
Project("{FAE04EC0-301F-11D3-BF4B-00C04F79EFBC}") = "Tyuiu.NeldnerMK.Sprint0.Task2.V0", "Tyuiu.NeldnerMK.Sprint0.Task2.V0\Tyuiu.NeldnerMK.Sprint0.Task2.V0.csproj", "{A896E4D3-8E96-400D-B67D-8E9033C606E5}"
EndProject
Project("{FAE04EC0-301F-11D3-BF4B-00C04F79EFBC}") = "Tyuiu.NeldnerMK.Sprint0.Task2.V0.Lib", "Tyuiu.NeldnerMK.Sprint0.Task2.V0.Lib\Tyuiu.NeldnerMK.Sprint0.Task2.V0.Lib.csproj", "{99CCC780-67F3-4DFD-8542-AAF64C7E64CA}"
EndProject
Project("{FAE04EC0-301F-11D3-BF4B-00C04F79EFBC}") = "Tyuiu.NeldnerMK.Sprint0.Task2.V0.Test", "Tyuiu.NeldnerMK.Sprint0.Task2.V0.Test\Tyuiu.NeldnerMK.Sprint0.Task2.V0.Test.csproj", "{E6EA04CB-D3FF-4102-B127-41ABACEB9A03}"
EndProject
Project("{2150E333-8FDC-42A3-9474-1A3956D46DE8}") = "Task3", "Task3", "{DEFE3973-3B8F-408B-91A1-263C798D7D56}"
EndProject
Project("{FAE04EC0-301F-11D3-BF4B-00C04F79EFBC}") = "Tyuiu.NeldnerMK.Sprint0.Task3.V0", "Tyuiu.NeldnerMK.Sprint0.Task3.V0\Tyuiu.NeldnerMK.Sprint0.Task3.V0.csproj", "{C0562416-CDB2-4B63-B2D7-3341C2F67F4A}"
EndProject
Project("{FAE04EC0-301F-11D3-BF4B-00C04F79EFBC}") = "Tyuiu.NeldnerMK.Sprint0.Task3.V0.Lib", "Tyuiu.NeldnerMK.Sprint0.Task3.V0.Lib\Tyuiu.NeldnerMK.Sprint0.Task3.V0.Lib.csproj", "{3DB4874A-DBF5-45A8-AE00-8D8798E0665A}"
EndProject
Project("{FAE04EC0-301F-11D3-BF4B-00C04F79EFBC}") = "Tyuiu.NeldnerMK.Sprint0.Task3.V0.Test", "Tyuiu.NeldnerMK.Sprint0.Task3.V0.Test\Tyuiu.NeldnerMK.Sprint0.Task3.V0.Test.csproj", "{7FEB231E-2A01-464C-9A30-D87638E8DBA9}"
EndProject
Project("{2150E333-8FDC-42A3-9474-1A3956D46DE8}") = "Task4", "Task4", "{DA7D0867-F894-4F9D-810E-D4E8E46DC929}"
EndProject
Project("{FAE04EC0-301F-11D3-BF4B-00C04F79EFBC}") = "Tyuiu.NeldnerMK.Sprint0.Task4.V0", "Tyuiu.NeldnerMK.Sprint0.Task4.V0\Tyuiu.NeldnerMK.Sprint0.Task4.V0.csproj", "{F2DF986C-C589-482F-B368-657543EB5D03}"
EndProject
Project("{FAE04EC0-301F-11D3-BF4B-00C04F79EFBC}") = "Tyuiu.NeldnerMK.Sprint0.Task4.V0.Lib", "Tyuiu.NeldnerMK.Sprint0.Task4.V0.Lib\Tyuiu.NeldnerMK.Sprint0.Task4.V0.Lib.csproj", "{0CC7E342-F7F0-42AB-845E-F7FD41512951}"
EndProject
Project("{FAE04EC0-301F-11D3-BF4B-00C04F79EFBC}") = "Tyuiu.NeldnerMK.Sprint0.Task4.V0.Test", "Tyuiu.NeldnerMK.Sprint0.Task4.V0.Test\Tyuiu.NeldnerMK.Sprint0.Task4.V0.Test.csproj", "{F2273F0D-F3D9-459E-B69A-95C166C44471}"
EndProject
Project("{2150E333-8FDC-42A3-9474-1A3956D46DE8}") = "Task5", "Task5", "{7A58B84E-D30C-4BF0-9B5D-FE7D8D305E9B}"
EndProject
Project("{FAE04EC0-301F-11D3-BF4B-00C04F79EFBC}") = "Tyuiu.NeldnerMK.Sprint0.Task5.V0", "Tyuiu.NeldnerMK.Sprint0.Task5.V0\Tyuiu.NeldnerMK.Sprint0.Task5.V0.csproj", "{A01B5074-044E-45D5-B0B0-341BD254EF2F}"
EndProject
Project("{FAE04EC0-301F-11D3-BF4B-00C04F79EFBC}") = "Tyuiu.NeldnerMK.Sprint0.Task5.V0.Lib", "Tyuiu.NeldnerMK.Sprint0.Task5.V0.Lib\Tyuiu.NeldnerMK.Sprint0.Task5.V0.Lib.csproj", "{E09D9709-AA2C-4660-8535-8478C01778AB}"
EndProject
Project("{FAE04EC0-301F-11D3-BF4B-00C04F79EFBC}") = "Tyuiu.NeldnerMK.Sprint0.Task5.V0.Test", "Tyuiu.NeldnerMK.Sprint0.Task5.V0.Test\Tyuiu.NeldnerMK.Sprint0.Task5.V0.Test.csproj", "{83D138D6-062D-4591-B676-1174B441C270}"
EndProject
Project("{2150E333-8FDC-42A3-9474-1A3956D46DE8}") = "Task6", "Task6", "{5CB8D9F0-8B57-48CF-A35A-6DE1C088620B}"
EndProject
Project("{FAE04EC0-301F-11D3-BF4B-00C04F79EFBC}") = "Tyuiu.NeldnerMK.Sprint0.Task6.V0", "Tyuiu.NeldnerMK.Sprint0.Task6.V0\Tyuiu.NeldnerMK.Sprint0.Task6.V0.csproj", "{674AF0AE-1D3F-4142-86C4-FF313340A00F}"
EndProject
Project("{FAE04EC0-301F-11D3-BF4B-00C04F79EFBC}") = "Tyuiu.NeldnerMK.Sprint0.Task6.V0.Lib", "Tyuiu.NeldnerMK.Sprint0.Task6.V0.Lib\Tyuiu.NeldnerMK.Sprint0.Task6.V0.Lib.csproj", "{0AF9CFE4-57B3-4AE6-8207-EC03FF61DB44}"
EndProject
Project("{FAE04EC0-301F-11D3-BF4B-00C04F79EFBC}") = "Tyuiu.NeldnerMK.Sprint0.Task6.V0.Test", "Tyuiu.NeldnerMK.Sprint0.Task6.V0.Test\Tyuiu.NeldnerMK.Sprint0.Task6.V0.Test.csproj", "{C35D5083-7FD7-4F32-B966-31D9C0EE2228}"
EndProject
Global
	GlobalSection(SolutionConfigurationPlatforms) = preSolution
		Debug|Any CPU = Debug|Any CPU
		Release|Any CPU = Release|Any CPU
	EndGlobalSection
	GlobalSection(ProjectConfigurationPlatforms) = postSolution
		{8448581C-927B-4D6C-BBE2-ADA7A47873C9}.Debug|Any CPU.ActiveCfg = Debug|Any CPU
		{8448581C-927B-4D6C-BBE2-ADA7A47873C9}.Debug|Any CPU.Build.0 = Debug|Any CPU
		{8448581C-927B-4D6C-BBE2-ADA7A47873C9}.Release|Any CPU.ActiveCfg = Release|Any CPU
		{8448581C-927B-4D6C-BBE2-ADA7A47873C9}.Release|Any CPU.Build.0 = Release|Any CPU
		{AC0701D7-552F-45DE-B7EB-8C245567E7CD}.Debug|Any CPU.ActiveCfg = Debug|Any CPU
		{AC0701D7-552F-45DE-B7EB-8C245567E7CD}.Debug|Any CPU.Build.0 = Debug|Any CPU
		{AC0701D7-552F-45DE-B7EB-8C245567E7CD}.Release|Any CPU.ActiveCfg = Release|Any CPU
		{AC0701D7-552F-45DE-B7EB-8C245567E7CD}.Release|Any CPU.Build.0 = Release|Any CPU
		{A896E4D3-8E96-400D-B67D-8E9033C606E5}.Debug|Any CPU.ActiveCfg = Debug|Any CPU
		{A896E4D3-8E96-400D-B67D-8E9033C606E5}.Debug|Any CPU.Build.0 = Debug|Any CPU
		{A896E4D3-8E96-400D-B67D-8E9033C606E5}.Release|Any CPU.ActiveCfg = Release|Any CPU
		{A896E4D3-8E96-400D-B67D-8E9033C606E5}.Release|Any CPU.Build.0 = Release|Any CPU
		{99CCC780-67F3-4DFD-8542-AAF64C7E64CA}.Debug|Any CPU.ActiveCfg = Debug|Any CPU
		{99CCC780-67F3-4DFD-8542-AAF64C7E64CA}.Debug|Any CPU.Build.0 = Debug|Any CPU
		{99CCC780-67F3-4DFD-8542-AAF64C7E64CA}.Release|Any CPU.ActiveCfg = Release|Any CPU
		{99CCC780-67F3-4DFD-8542-AAF64C7E64CA}.Release|Any CPU.Build.0 = Release|Any CPU
		{E6EA04CB-D3FF-4102-B127-41ABACEB9A03}.Debug|Any CPU.ActiveCfg = Debug|Any CPU
		{E6EA04CB-D3FF-4102-B127-41ABACEB9A03}.Debug|Any CPU.Build.0 = Debug|Any CPU
		{E6EA04CB-D3FF-4102-B127-41ABACEB9A03}.Release|Any CPU.ActiveCfg = Release|Any CPU
		{E6EA04CB-D3FF-4102-B127-41ABACEB9A03}.Release|Any CPU.Build.0 = Release|Any CPU
		{C0562416-CDB2-4B63-B2D7-3341C2F67F4A}.Debug|Any CPU.ActiveCfg = Debug|Any CPU
		{C0562416-CDB2-4B63-B2D7-3341C2F67F4A}.Debug|Any CPU.Build.0 = Debug|Any CPU
		{C0562416-CDB2-4B63-B2D7-3341C2F67F4A}.Release|Any CPU.ActiveCfg = Release|Any CPU
		{C0562416-CDB2-4B63-B2D7-3341C2F67F4A}.Release|Any CPU.Build.0 = Release|Any CPU
		{3DB4874A-DBF5-45A8-AE00-8D8798E0665A}.Debug|Any CPU.ActiveCfg = Debug|Any CPU
		{3DB4874A-DBF5-45A8-AE00-8D8798E0665A}.Debug|Any CPU.Build.0 = Debug|Any CPU
		{3DB4874A-DBF5-45A8-AE00-8D8798E0665A}.Release|Any CPU.ActiveCfg = Release|Any CPU
		{3DB4874A-DBF5-45A8-AE00-8D8798E0665A}.Release|Any CPU.Build.0 = Release|Any CPU
		{7FEB231E-2A01-464C-9A30-D87638E8DBA9}.Debug|Any CPU.ActiveCfg = Debug|Any CPU
		{7FEB231E-2A01-464C-9A30-D87638E8DBA9}.Debug|Any CPU.Build.0 = Debug|Any CPU
		{7FEB231E-2A01-464C-9A30-D87638E8DBA9}.Release|Any CPU.ActiveCfg = Release|Any CPU
		{7FEB231E-2A01-464C-9A30-D87638E8DBA9}.Release|Any CPU.Build.0 = Release|Any CPU
		{F2DF986C-C589-482F-B368-657543EB5D03}.Debug|Any CPU.ActiveCfg = Debug|Any CPU
		{F2DF986C-C589-482F-B368-657543EB5D03}.Debug|Any CPU.Build.0 = Debug|Any CPU
		{F2DF986C-C589-482F-B368-657543EB5D03}.Release|Any CPU.ActiveCfg = Release|Any CPU
		{F2DF986C-C589-482F-B368-657543EB5D03}.Release|Any CPU.Build.0 = Release|Any CPU
		{0CC7E342-F7F0-42AB-845E-F7FD41512951}.Debug|Any CPU.ActiveCfg = Debug|Any CPU
		{0CC7E342-F7F0-42AB-845E-F7FD41512951}.Debug|Any CPU.Build.0 = Debug|Any CPU
		{0CC7E342-F7F0-42AB-845E-F7FD41512951}.Release|Any CPU.ActiveCfg = Release|Any CPU
		{0CC7E342-F7F0-42AB-845E-F7FD41512951}.Release|Any CPU.Build.0 = Release|Any CPU
		{F2273F0D-F3D9-459E-B69A-95C166C44471}.Debug|Any CPU.ActiveCfg = Debug|Any CPU
		{F2273F0D-F3D9-459E-B69A-95C166C44471}.Debug|Any CPU.Build.0 = Debug|Any CPU
		{F2273F0D-F3D9-459E-B69A-95C166C44471}.Release|Any CPU.ActiveCfg = Release|Any CPU
		{F2273F0D-F3D9-459E-B69A-95C166C44471}.Release|Any CPU.Build.0 = Release|Any CPU
		{A01B5074-044E-45D5-B0B0-341BD254EF2F}.Debug|Any CPU.ActiveCfg = Debug|Any CPU
		{A01B5074-044E-45D5-B0B0-341BD254EF2F}.Debug|Any CPU.Build.0 = Debug|Any CPU
		{A01B5074-044E-45D5-B0B0-341BD254EF2F}.Release|Any CPU.ActiveCfg = Release|Any CPU
		{A01B5074-044E-45D5-B0B0-341BD254EF2F}.Release|Any CPU.Build.0 = Release|Any CPU
		{E09D9709-AA2C-4660-8535-8478C01778AB}.Debug|Any CPU.ActiveCfg = Debug|Any CPU
		{E09D9709-AA2C-4660-8535-8478C01778AB}.Debug|Any CPU.Build.0 = Debug|Any CPU
		{E09D9709-AA2C-4660-8535-8478C01778AB}.Release|Any CPU.ActiveCfg = Release|Any CPU
		{E09D9709-AA2C-4660-8535-8478C01778AB}.Release|Any CPU.Build.0 = Release|Any CPU
		{83D138D6-062D-4591-B676-1174B441C270}.Debug|Any CPU.ActiveCfg = Debug|Any CPU
		{83D138D6-062D-4591-B676-1174B441C270}.Debug|Any CPU.Build.0 = Debug|Any CPU
		{83D138D6-062D-4591-B676-1174B441C270}.Release|Any CPU.ActiveCfg = Release|Any CPU
		{83D138D6-062D-4591-B676-1174B441C270}.Release|Any CPU.Build.0 = Release|Any CPU
		{674AF0AE-1D3F-4142-86C4-FF313340A00F}.Debug|Any CPU.ActiveCfg = Debug|Any CPU
		{674AF0AE-1D3F-4142-86C4-FF313340A00F}.Debug|Any CPU.Build.0 = Debug|Any CPU
		{674AF0AE-1D3F-4142-86C4-FF313340A00F}.Release|Any CPU.ActiveCfg = Release|Any CPU
		{674AF0AE-1D3F-4142-86C4-FF313340A00F}.Release|Any CPU.Build.0 = Release|Any CPU
		{0AF9CFE4-57B3-4AE6-8207-EC03FF61DB44}.Debug|Any CPU.ActiveCfg = Debug|Any CPU
		{0AF9CFE4-57B3-4AE6-8207-EC03FF61DB44}.Debug|Any CPU.Build.0 = Debug|Any CPU
		{0AF9CFE4-57B3-4AE6-8207-EC03FF61DB44}.Release|Any CPU.ActiveCfg = Release|Any CPU
		{0AF9CFE4-57B3-4AE6-8207-EC03FF61DB44}.Release|Any CPU.Build.0 = Release|Any CPU
		{C35D5083-7FD7-4F32-B966-31D9C0EE2228}.Debug|Any CPU.ActiveCfg = Debug|Any CPU
		{C35D5083-7FD7-4F32-B966-31D9C0EE2228}.Debug|Any CPU.Build.0 = Debug|Any CPU
		{C35D5083-7FD7-4F32-B966-31D9C0EE2228}.Release|Any CPU.ActiveCfg = Release|Any CPU
		{C35D5083-7FD7-4F32-B966-31D9C0EE2228}.Release|Any CPU.Build.0 = Release|Any CPU
	EndGlobalSection
	GlobalSection(SolutionProperties) = preSolution
		HideSolutionNode = FALSE
	EndGlobalSection
	GlobalSection(NestedProjects) = preSolution
		{8448581C-927B-4D6C-BBE2-ADA7A47873C9} = {02EA681E-C7D8-13C7-8484-4AC65E1B71E8}
		{AC0701D7-552F-45DE-B7EB-8C245567E7CD} = {62FB3A93-6326-4B1B-A2BF-9F42F72826F7}
		{A896E4D3-8E96-400D-B67D-8E9033C606E5} = {A424F613-4C87-4E90-A7B0-6E9B404E3AC6}
		{99CCC780-67F3-4DFD-8542-AAF64C7E64CA} = {A424F613-4C87-4E90-A7B0-6E9B404E3AC6}
		{E6EA04CB-D3FF-4102-B127-41ABACEB9A03} = {A424F613-4C87-4E90-A7B0-6E9B404E3AC6}
		{C0562416-CDB2-4B63-B2D7-3341C2F67F4A} = {DEFE3973-3B8F-408B-91A1-263C798D7D56}
		{3DB4874A-DBF5-45A8-AE00-8D8798E0665A} = {DEFE3973-3B8F-408B-91A1-263C798D7D56}
		{7FEB231E-2A01-464C-9A30-D87638E8DBA9} = {DEFE3973-3B8F-408B-91A1-263C798D7D56}
		{F2DF986C-C589-482F-B368-657543EB5D03} = {DA7D0867-F894-4F9D-810E-D4E8E46DC929}
		{0CC7E342-F7F0-42AB-845E-F7FD41512951} = {DA7D0867-F894-4F9D-810E-D4E8E46DC929}
		{F2273F0D-F3D9-459E-B69A-95C166C44471} = {DA7D0867-F894-4F9D-810E-D4E8E46DC929}
		{A01B5074-044E-45D5-B0B0-341BD254EF2F} = {7A58B84E-D30C-4BF0-9B5D-FE7D8D305E9B}
		{E09D9709-AA2C-4660-8535-8478C01778AB} = {7A58B84E-D30C-4BF0-9B5D-FE7D8D305E9B}
		{83D138D6-062D-4591-B676-1174B441C270} = {7A58B84E-D30C-4BF0-9B5D-FE7D8D305E9B}
		{674AF0AE-1D3F-4142-86C4-FF313340A00F} = {5CB8D9F0-8B57-48CF-A35A-6DE1C088620B}
		{0AF9CFE4-57B3-4AE6-8207-EC03FF61DB44} = {5CB8D9F0-8B57-48CF-A35A-6DE1C088620B}
		{C35D5083-7FD7-4F32-B966-31D9C0EE2228} = {5CB8D9F0-8B57-48CF-A35A-6DE1C088620B}
	EndGlobalSection
	GlobalSection(ExtensibilityGlobals) = postSolution
		SolutionGuid = {8E8D0337-BAF8-4BD2-A64D-06CC134D70E5}
	EndGlobalSection
EndGlobal
